{
  "name": "web_abc",
  "lockfileVersion": 2,
  "requires": true,
  "packages": {
    "": {
      "dependencies": {
        "aws-cli": "^0.0.2",
        "brownie": "^0.9.9",
        "progressbar": "^1.3.0",
        "rc-queue-anim": "^2.0.0",
        "use-screenshot-hook": "^1.0.2"
      },
      "devDependencies": {
        "erc721a": "^3.2.0"
      }
    },
    "node_modules/@babel/runtime": {
      "version": "7.17.8",
      "resolved": "https://registry.npmjs.org/@babel/runtime/-/runtime-7.17.8.tgz",
      "integrity": "sha512-dQpEpK0O9o6lj6oPu0gRDbbnk+4LeHlNcBpspf6Olzt3GIX4P1lWF1gS+pHLDFlaJvbR6q7jCfQ08zA4QJBnmA==",
      "dependencies": {
        "regenerator-runtime": "^0.13.4"
      },
      "engines": {
        "node": ">=6.9.0"
      }
    },
    "node_modules/@openzeppelin/contracts": {
      "version": "4.5.0",
      "resolved": "https://registry.npmjs.org/@openzeppelin/contracts/-/contracts-4.5.0.tgz",
      "integrity": "sha512-fdkzKPYMjrRiPK6K4y64e6GzULR7R7RwxSigHS8DDp7aWDeoReqsQI+cxHV1UuhAqX69L1lAaWDxenfP+xiqzA==",
      "dev": true
    },
    "node_modules/aws-cli": {
      "version": "0.0.2",
      "resolved": "https://registry.npmjs.org/aws-cli/-/aws-cli-0.0.2.tgz",
      "integrity": "sha1-AHI8ki7ICeqsJ/sq5EDFuOgHoY4=",
      "deprecated": "Recommend using the official aws cli tools for python",
      "dependencies": {
        "aws-sdk": "~2.0.0-rc13",
        "operetta": "0.0.5"
      },
      "bin": {
        "aws-cli": "bin/aws.js"
      }
    },
    "node_modules/aws-sdk": {
      "version": "2.0.31",
      "resolved": "https://registry.npmjs.org/aws-sdk/-/aws-sdk-2.0.31.tgz",
      "integrity": "sha1-5yzx/caQFb2f0r3z07iMFlB9Jo4=",
      "dependencies": {
        "xml2js": "0.2.6",
        "xmlbuilder": "0.4.2"
      },
      "engines": {
        "node": ">= 0.8.0"
      }
    },
    "node_modules/bluebird": {
      "version": "3.7.2",
      "resolved": "https://registry.npmjs.org/bluebird/-/bluebird-3.7.2.tgz",
      "integrity": "sha512-XpNj6GDQzdfW+r2Wnn7xiSAd7TM3jzkxGXBGTtWKuSXv1xUV+azxAm8jdWZN06QTQk+2N2XB9jRDkvbmQmcRtg=="
    },
    "node_modules/brownie": {
      "version": "0.9.9",
      "resolved": "https://registry.npmjs.org/brownie/-/brownie-0.9.9.tgz",
      "integrity": "sha1-SLhMFENpCaPffNad5mj0V9WvP8Y=",
      "dependencies": {
        "bluebird": "^3.4.6",
        "gremlin": "^2.3.2",
        "lodash": "^4.17.2",
        "uuid": "^3.0.0"
      }
    },
    "node_modules/commander": {
      "version": "2.20.3",
      "resolved": "https://registry.npmjs.org/commander/-/commander-2.20.3.tgz",
      "integrity": "sha512-GpVkmM8vF2vQUkj2LvZmD35JxeJOLCwJ9cUkugyk2nuhbv3+mJvpLYYt+0+USMxE+oj+ey/lJEnhZw75x/OMcQ=="
    },
    "node_modules/core-util-is": {
      "version": "1.0.3",
      "resolved": "https://registry.npmjs.org/core-util-is/-/core-util-is-1.0.3.tgz",
      "integrity": "sha512-ZQBvi1DcpJ4GDqanjucZ2Hj3wEO5pZDS89BWbkcrvdxksJorwUDDZamX9ldFkp9aw2lmBDLgkObEA4DWNJ9FYQ=="
    },
    "node_modules/d3-array": {
      "version": "1.2.4",
      "resolved": "https://registry.npmjs.org/d3-array/-/d3-array-1.2.4.tgz",
      "integrity": "sha512-KHW6M86R+FUPYGb3R5XiYjXPq7VzwxZ22buHhAEVG5ztoEcZZMLov530mmccaqA1GghZArjQV46fuc8kUqhhHw=="
    },
    "node_modules/d3-polygon": {
      "version": "1.0.6",
      "resolved": "https://registry.npmjs.org/d3-polygon/-/d3-polygon-1.0.6.tgz",
      "integrity": "sha512-k+RF7WvI08PC8reEoXa/w2nSg5AUMTi+peBD9cmFc+0ixHfbs4QmxxkarVal1IkVkgxVuk9JSHhJURHiyHKAuQ=="
    },
    "node_modules/earcut": {
      "version": "2.2.3",
      "resolved": "https://registry.npmjs.org/earcut/-/earcut-2.2.3.tgz",
      "integrity": "sha512-iRDI1QeCQIhMCZk48DRDMVgQSSBDmbzzNhnxIo+pwx3swkfjMh6vh0nWLq1NdvGHLKH6wIrAM3vQWeTj6qeoug=="
    },
    "node_modules/editions": {
      "version": "1.3.4",
      "resolved": "https://registry.npmjs.org/editions/-/editions-1.3.4.tgz",
      "integrity": "sha512-gzao+mxnYDzIysXKMQi/+M1mjy/rjestjg6OPoYTtI+3Izp23oiGZitsl9lPDPiTGXbcSIk1iJWhliSaglxnUg==",
      "engines": {
        "node": ">=0.8"
      }
    },
    "node_modules/erc721a": {
      "version": "3.2.0",
      "resolved": "https://registry.npmjs.org/erc721a/-/erc721a-3.2.0.tgz",
      "integrity": "sha512-bK6rT45M8csSpH/8SBAhlmyIlCh0LrejflvkSw9zVPU5pNRSe0P0YWmv/g6seYwc8OCfL9ND/fKL8LsuvuePmg==",
      "dev": true,
      "dependencies": {
        "@openzeppelin/contracts": "^4.4.2"
      }
    },
    "node_modules/flubber": {
      "version": "0.4.2",
      "resolved": "https://registry.npmjs.org/flubber/-/flubber-0.4.2.tgz",
      "integrity": "sha512-79RkJe3rA4nvRCVc2uXjj7U/BAUq84TS3KHn6c0Hr9K64vhj83ZNLUziNx4pJoBumSPhOl5VjH+Z0uhi+eE8Uw==",
      "dependencies": {
        "d3-array": "^1.2.0",
        "d3-polygon": "^1.0.3",
        "earcut": "^2.1.1",
        "svg-path-properties": "^0.2.1",
        "svgpath": "^2.2.1",
        "topojson-client": "^3.0.0"
      }
    },
    "node_modules/flubber/node_modules/svg-path-properties": {
      "version": "0.2.2",
      "resolved": "https://registry.npmjs.org/svg-path-properties/-/svg-path-properties-0.2.2.tgz",
      "integrity": "sha1-sHPYG+cpLq4OIzq4qD9Y3CcRMpY="
    },
    "node_modules/gremlin": {
      "version": "2.7.0",
      "resolved": "https://registry.npmjs.org/gremlin/-/gremlin-2.7.0.tgz",
      "integrity": "sha512-6IsEi+m+3dSgCP5Pdb3aTJ+dfEgxTvTk4+ccp3PCnclHbSmffIYWt37yQVa5Wmu4Fe9PzOhdpKIUr2FNchncJA==",
      "dependencies": {
        "gremlin-template-string": "^2.0.0",
        "highland": "^2.5.1",
        "lodash": "^3.10.1",
        "node-uuid": "^1.4.3",
        "readable-stream": "^2.0.2",
        "ws": "^2.3.1",
        "zer": "^0.1.0"
      }
    },
    "node_modules/gremlin-template-string": {
      "version": "2.0.0",
      "resolved": "https://registry.npmjs.org/gremlin-template-string/-/gremlin-template-string-2.0.0.tgz",
      "integrity": "sha1-s5Y5zS7OUE8pcxrAl9JC8ACOgYg="
    },
    "node_modules/gremlin/node_modules/lodash": {
      "version": "3.10.1",
      "resolved": "https://registry.npmjs.org/lodash/-/lodash-3.10.1.tgz",
      "integrity": "sha1-W/Rejkm6QYnhfUgnid/RW9FAt7Y="
    },
    "node_modules/highland": {
      "version": "2.13.5",
      "resolved": "https://registry.npmjs.org/highland/-/highland-2.13.5.tgz",
      "integrity": "sha512-dn2flPapIIAa4BtkB2ahjshg8iSJtrJtdhEb9/oiOrS5HMQTR/GuhFpqJ+11YBdtnl3AwWKvbZd1Uxr8uAmA7A==",
      "dependencies": {
        "util-deprecate": "^1.0.2"
      }
    },
    "node_modules/html-to-image": {
      "version": "0.1.3",
      "resolved": "https://registry.npmjs.org/html-to-image/-/html-to-image-0.1.3.tgz",
      "integrity": "sha512-8JTGEAAdJGL/nlp3wb/WI8fLMx2dHKOFZMdsvdon23D45ZdtsXDeRm39Wddf04ludQe3OPmvjMJ9nPjI/7hPlg=="
    },
    "node_modules/inherits": {
      "version": "2.0.4",
      "resolved": "https://registry.npmjs.org/inherits/-/inherits-2.0.4.tgz",
      "integrity": "sha512-k/vGaX4/Yla3WzyMCvTQOXYeIHvqOKtnqBduzTHpzpQZzAskKMhZ2K+EnBiSM9zGSoIFeMpXKxa4dYeZIQqewQ=="
    },
    "node_modules/isarray": {
      "version": "1.0.0",
      "resolved": "https://registry.npmjs.org/isarray/-/isarray-1.0.0.tgz",
      "integrity": "sha1-u5NdSFgsuhaMBoNJV6VKPgcSTxE="
    },
    "node_modules/lodash": {
      "version": "4.17.21",
      "resolved": "https://registry.npmjs.org/lodash/-/lodash-4.17.21.tgz",
      "integrity": "sha512-v2kDEe57lecTulaDIuNTPy3Ry4gLGJ6Z1O3vE1krgXZNrsQ+LFTGHVxVjcXPs17LhbZVGedAJv8XZ1tvj5FvSg=="
    },
    "node_modules/node-uuid": {
      "version": "1.4.8",
      "resolved": "https://registry.npmjs.org/node-uuid/-/node-uuid-1.4.8.tgz",
      "integrity": "sha1-sEDrCSOWivq/jTL7HxfxFn/auQc=",
      "deprecated": "Use uuid module instead",
      "bin": {
        "uuid": "bin/uuid"
      }
    },
    "node_modules/operetta": {
      "version": "0.0.5",
      "resolved": "https://registry.npmjs.org/operetta/-/operetta-0.0.5.tgz",
      "integrity": "sha1-FIKMl+65E+KqhdHR05qJJpWOVVY=",
      "engines": [
        "node >= 0.4.6"
      ]
    },
    "node_modules/performance-now": {
      "version": "2.1.0",
      "resolved": "https://registry.npmjs.org/performance-now/-/performance-now-2.1.0.tgz",
      "integrity": "sha1-Ywn04OX6kT7BxpMHrjZLSzd8nns="
    },
    "node_modules/postinstall-build": {
      "version": "5.0.3",
      "resolved": "https://registry.npmjs.org/postinstall-build/-/postinstall-build-5.0.3.tgz",
      "integrity": "sha512-vPvPe8TKgp4FLgY3+DfxCE5PIfoXBK2lyLfNCxsRbDsV6vS4oU5RG/IWxrblMn6heagbnMED3MemUQllQ2bQUg==",
      "deprecated": "postinstall-build's behavior is now built into npm! You should migrate off of postinstall-build and use the new `prepare` lifecycle script with npm 5.0.0 or greater.",
      "bin": {
        "postinstall-build": "cli.js"
      }
    },
    "node_modules/process-nextick-args": {
      "version": "2.0.1",
      "resolved": "https://registry.npmjs.org/process-nextick-args/-/process-nextick-args-2.0.1.tgz",
      "integrity": "sha512-3ouUOpQhtgrbOa17J7+uxOTpITYWaGP7/AhoR3+A+/1e9skrzelGi/dXzEYyvbxubEF6Wn2ypscTKiKJFFn1ag=="
    },
    "node_modules/progress": {
      "version": "2.0.0",
      "resolved": "https://registry.npmjs.org/progress/-/progress-2.0.0.tgz",
      "integrity": "sha1-ihvjZr+Pwj2yvSPxDG/pILQ4nR8=",
      "engines": {
        "node": ">=0.4.0"
      }
    },
    "node_modules/progressbar": {
      "version": "1.3.0",
      "resolved": "https://registry.npmjs.org/progressbar/-/progressbar-1.3.0.tgz",
      "integrity": "sha512-lOncE1DwVI/ioINInGrR0hsFG8I82H9RzMY1bghVAhoU3f+S/JurtfFLpNoEZTnjQ5FS9ZpHSoeZlxig8uyJtw==",
      "dependencies": {
        "editions": "^1.3.3",
        "progress": "2.0.0"
      },
      "engines": {
        "node": ">=0.12"
      }
    },
    "node_modules/raf": {
      "version": "3.4.1",
      "resolved": "https://registry.npmjs.org/raf/-/raf-3.4.1.tgz",
      "integrity": "sha512-Sq4CW4QhwOHE8ucn6J34MqtZCeWFP2aQSmrlroYgqAV1PjStIhJXxYuTgUIfkEk7zTLjmIjLmU5q+fbD1NnOJA==",
      "dependencies": {
        "performance-now": "^2.1.0"
      }
    },
    "node_modules/rc-queue-anim": {
      "version": "2.0.0",
      "resolved": "https://registry.npmjs.org/rc-queue-anim/-/rc-queue-anim-2.0.0.tgz",
      "integrity": "sha512-tojpP72NbaWkwzmR/7x4gFpTBCYR/8I3Jb+KwSdOWpRIDrlmsA4ARAqSElG92GJ7CXAIjxavIGulcqJhXfzHYQ==",
      "dependencies": {
        "@babel/runtime": "^7.11.1",
        "tween-one": "^1.0.52"
      },
      "peerDependencies": {
        "react": ">=16.9.0",
        "react-dom": ">=16.9.0"
      }
    },
    "node_modules/readable-stream": {
      "version": "2.3.7",
      "resolved": "https://registry.npmjs.org/readable-stream/-/readable-stream-2.3.7.tgz",
      "integrity": "sha512-Ebho8K4jIbHAxnuxi7o42OrZgF/ZTNcsZj6nRKyUmkhLFq8CHItp/fy6hQZuZmP/n3yZ9VBUbp4zz/mX8hmYPw==",
      "dependencies": {
        "core-util-is": "~1.0.0",
        "inherits": "~2.0.3",
        "isarray": "~1.0.0",
        "process-nextick-args": "~2.0.0",
        "safe-buffer": "~5.1.1",
        "string_decoder": "~1.1.1",
        "util-deprecate": "~1.0.1"
      }
    },
    "node_modules/regenerator-runtime": {
      "version": "0.13.9",
      "resolved": "https://registry.npmjs.org/regenerator-runtime/-/regenerator-runtime-0.13.9.tgz",
      "integrity": "sha512-p3VT+cOEgxFsRRA9X4lkI1E+k2/CtnKtU4gcxyaCUreilL/vqI6CdZ3wxVUx3UOUg+gnUOQQcRI7BmSI656MYA=="
    },
    "node_modules/safe-buffer": {
      "version": "5.1.2",
      "resolved": "https://registry.npmjs.org/safe-buffer/-/safe-buffer-5.1.2.tgz",
      "integrity": "sha512-Gd2UZBJDkXlY7GbJxfsE8/nvKkUEU1G38c1siN6QP6a9PT9MmHB8GnpscSmMJSoF8LOIrt8ud/wPtojys4G6+g=="
    },
    "node_modules/sax": {
      "version": "0.4.2",
      "resolved": "https://registry.npmjs.org/sax/-/sax-0.4.2.tgz",
      "integrity": "sha1-OfO2AXM9a+yXEFskKipA/Wl4rDw="
    },
    "node_modules/string_decoder": {
      "version": "1.1.1",
      "resolved": "https://registry.npmjs.org/string_decoder/-/string_decoder-1.1.1.tgz",
      "integrity": "sha512-n/ShnvDi6FHbbVfviro+WojiFzv+s8MPMHBczVePfUpDJLwoLT0ht1l4YwBCbi8pJAveEEdnkHyPyTP/mzRfwg==",
      "dependencies": {
        "safe-buffer": "~5.1.0"
      }
    },
    "node_modules/style-utils": {
      "version": "0.3.7",
      "resolved": "https://registry.npmjs.org/style-utils/-/style-utils-0.3.7.tgz",
      "integrity": "sha512-IG62AED+qp6WnkSsuIIAHZ2utedukFHVi2E5PjPRXjX9eCMZMzogv6oad0yArPHq9VE0Utl8V7kC/qitQZxkPQ=="
    },
    "node_modules/svg-path-properties": {
      "version": "1.0.11",
      "resolved": "https://registry.npmjs.org/svg-path-properties/-/svg-path-properties-1.0.11.tgz",
      "integrity": "sha512-Wo6SjzONZPL9UAgrnwcCkDGRYP9CbHJGkNcPFIgEVRjiOiJxSd/AtwnGk/4N4iOLGUoas57TMxY0xASDeb9YJg=="
    },
    "node_modules/svgpath": {
      "version": "2.5.0",
      "resolved": "https://registry.npmjs.org/svgpath/-/svgpath-2.5.0.tgz",
      "integrity": "sha512-o/vohwqjUO9nDAh4rcjE3KaW/v//At8UJu2LJMybXidf5QLQLVA4bxH0//4YCsr+1H4Gw1Wi/Jc62ynzSBYidw=="
    },
    "node_modules/topojson-client": {
      "version": "3.1.0",
      "resolved": "https://registry.npmjs.org/topojson-client/-/topojson-client-3.1.0.tgz",
      "integrity": "sha512-605uxS6bcYxGXw9qi62XyrV6Q3xwbndjachmNxu8HWTtVPxZfEJN9fd/SZS1Q54Sn2y0TMyMxFj/cJINqGHrKw==",
      "dependencies": {
        "commander": "2"
      },
      "bin": {
        "topo2geo": "bin/topo2geo",
        "topomerge": "bin/topomerge",
        "topoquantize": "bin/topoquantize"
      }
    },
    "node_modules/tween-functions": {
      "version": "1.2.0",
      "resolved": "https://registry.npmjs.org/tween-functions/-/tween-functions-1.2.0.tgz",
      "integrity": "sha1-GuOlDnxguz3vd06scHrLynO7w/8="
    },
    "node_modules/tween-one": {
      "version": "1.0.63",
      "resolved": "https://registry.npmjs.org/tween-one/-/tween-one-1.0.63.tgz",
      "integrity": "sha512-29F7ym9gVvlsXB6kJsn8bL5ZWn2K4mzpVy3APXLrWfYzRw7bA7gav1QHz2Z4UJ0B7bib9P6o9I2uk8vbvDmTNg==",
      "dependencies": {
        "@babel/runtime": "^7.11.1",
        "flubber": "^0.4.2",
        "raf": "^3.4.1",
        "style-utils": "^0.3.6",
        "svg-path-properties": "^1.0.4",
        "tween-functions": "^1.2.0"
      }
    },
    "node_modules/ultron": {
      "version": "1.1.1",
      "resolved": "https://registry.npmjs.org/ultron/-/ultron-1.1.1.tgz",
      "integrity": "sha512-UIEXBNeYmKptWH6z8ZnqTeS8fV74zG0/eRU9VGkpzz+LIJNs8W/zM/L+7ctCkRrgbNnnR0xxw4bKOr0cW0N0Og=="
    },
    "node_modules/use-screenshot-hook": {
      "version": "1.0.2",
      "resolved": "https://registry.npmjs.org/use-screenshot-hook/-/use-screenshot-hook-1.0.2.tgz",
      "integrity": "sha512-H4/OCjh+lF3t3++lHChfldQ+muTVGvUUJMdfIQab//oSbi2mzIZa+mO1I5IOAgSYnzwib3JBWO597PBZAlckSg==",
      "dependencies": {
        "html-to-image": "^0.1.1"
      },
      "engines": {
        "node": ">=8",
        "npm": ">=5"
      },
      "peerDependencies": {
        "react": "^16.9.0"
      }
    },
    "node_modules/util-deprecate": {
      "version": "1.0.2",
      "resolved": "https://registry.npmjs.org/util-deprecate/-/util-deprecate-1.0.2.tgz",
      "integrity": "sha1-RQ1Nyfpw3nMnYvvS1KKJgUGaDM8="
    },
    "node_modules/uuid": {
      "version": "3.4.0",
      "resolved": "https://registry.npmjs.org/uuid/-/uuid-3.4.0.tgz",
      "integrity": "sha512-HjSDRw6gZE5JMggctHBcjVak08+KEVhSIiDzFnT9S9aegmp85S/bReBVTb4QTFaRNptJ9kuYaNhnbNEOkbKb/A==",
      "deprecated": "Please upgrade  to version 7 or higher.  Older versions may use Math.random() in certain circumstances, which is known to be problematic.  See https://v8.dev/blog/math-random for details.",
      "bin": {
        "uuid": "bin/uuid"
      }
    },
    "node_modules/ws": {
      "version": "2.3.1",
      "resolved": "https://registry.npmjs.org/ws/-/ws-2.3.1.tgz",
      "integrity": "sha1-a5Sz5EfLajY/eF6vlK9jWejoHIA=",
      "dependencies": {
        "safe-buffer": "~5.0.1",
        "ultron": "~1.1.0"
      }
    },
    "node_modules/ws/node_modules/safe-buffer": {
      "version": "5.0.1",
      "resolved": "https://registry.npmjs.org/safe-buffer/-/safe-buffer-5.0.1.tgz",
      "integrity": "sha1-0mPKVGls2KMGtcplUekt5XkY++c="
    },
    "node_modules/xml2js": {
      "version": "0.2.6",
      "resolved": "https://registry.npmjs.org/xml2js/-/xml2js-0.2.6.tgz",
      "integrity": "sha1-0gnE5N2h/JxFIUHvQcB39a399sQ=",
      "dependencies": {
        "sax": "0.4.2"
      }
    },
    "node_modules/xmlbuilder": {
      "version": "0.4.2",
      "resolved": "https://registry.npmjs.org/xmlbuilder/-/xmlbuilder-0.4.2.tgz",
      "integrity": "sha1-F3bWXz/brUcKCNhgTN6xxOVA/4M=",
      "engines": {
        "node": ">=0.2.0"
      }
    },
    "node_modules/zer": {
      "version": "0.1.0",
      "resolved": "https://registry.npmjs.org/zer/-/zer-0.1.0.tgz",
      "integrity": "sha1-JkAyM5rkggi9+aKKa34APbYAdUI=",
      "hasInstallScript": true,
      "dependencies": {
        "postinstall-build": "^5.0.0"
      }
    }
  },
  "dependencies": {
    "@babel/runtime": {
      "version": "7.17.8",
      "resolved": "https://registry.npmjs.org/@babel/runtime/-/runtime-7.17.8.tgz",
      "integrity": "sha512-dQpEpK0O9o6lj6oPu0gRDbbnk+4LeHlNcBpspf6Olzt3GIX4P1lWF1gS+pHLDFlaJvbR6q7jCfQ08zA4QJBnmA==",
      "requires": {
        "regenerator-runtime": "^0.13.4"
      }
    },
    "@openzeppelin/contracts": {
      "version": "4.5.0",
      "resolved": "https://registry.npmjs.org/@openzeppelin/contracts/-/contracts-4.5.0.tgz",
      "integrity": "sha512-fdkzKPYMjrRiPK6K4y64e6GzULR7R7RwxSigHS8DDp7aWDeoReqsQI+cxHV1UuhAqX69L1lAaWDxenfP+xiqzA==",
      "dev": true
    },
    "aws-cli": {
      "version": "0.0.2",
      "resolved": "https://registry.npmjs.org/aws-cli/-/aws-cli-0.0.2.tgz",
      "integrity": "sha1-AHI8ki7ICeqsJ/sq5EDFuOgHoY4=",
      "requires": {
        "aws-sdk": "~2.0.0-rc13",
        "operetta": "0.0.5"
      }
    },
    "aws-sdk": {
      "version": "2.0.31",
      "resolved": "https://registry.npmjs.org/aws-sdk/-/aws-sdk-2.0.31.tgz",
      "integrity": "sha1-5yzx/caQFb2f0r3z07iMFlB9Jo4=",
      "requires": {
        "xml2js": "0.2.6",
        "xmlbuilder": "0.4.2"
      }
    },
    "bluebird": {
      "version": "3.7.2",
      "resolved": "https://registry.npmjs.org/bluebird/-/bluebird-3.7.2.tgz",
      "integrity": "sha512-XpNj6GDQzdfW+r2Wnn7xiSAd7TM3jzkxGXBGTtWKuSXv1xUV+azxAm8jdWZN06QTQk+2N2XB9jRDkvbmQmcRtg=="
    },
    "brownie": {
      "version": "0.9.9",
      "resolved": "https://registry.npmjs.org/brownie/-/brownie-0.9.9.tgz",
      "integrity": "sha1-SLhMFENpCaPffNad5mj0V9WvP8Y=",
      "requires": {
        "bluebird": "^3.4.6",
        "gremlin": "^2.3.2",
        "lodash": "^4.17.2",
        "uuid": "^3.0.0"
      }
    },
    "commander": {
      "version": "2.20.3",
      "resolved": "https://registry.npmjs.org/commander/-/commander-2.20.3.tgz",
      "integrity": "sha512-GpVkmM8vF2vQUkj2LvZmD35JxeJOLCwJ9cUkugyk2nuhbv3+mJvpLYYt+0+USMxE+oj+ey/lJEnhZw75x/OMcQ=="
    },
    "core-util-is": {
      "version": "1.0.3",
      "resolved": "https://registry.npmjs.org/core-util-is/-/core-util-is-1.0.3.tgz",
      "integrity": "sha512-ZQBvi1DcpJ4GDqanjucZ2Hj3wEO5pZDS89BWbkcrvdxksJorwUDDZamX9ldFkp9aw2lmBDLgkObEA4DWNJ9FYQ=="
    },
    "d3-array": {
      "version": "1.2.4",
      "resolved": "https://registry.npmjs.org/d3-array/-/d3-array-1.2.4.tgz",
      "integrity": "sha512-KHW6M86R+FUPYGb3R5XiYjXPq7VzwxZ22buHhAEVG5ztoEcZZMLov530mmccaqA1GghZArjQV46fuc8kUqhhHw=="
    },
    "d3-polygon": {
      "version": "1.0.6",
      "resolved": "https://registry.npmjs.org/d3-polygon/-/d3-polygon-1.0.6.tgz",
      "integrity": "sha512-k+RF7WvI08PC8reEoXa/w2nSg5AUMTi+peBD9cmFc+0ixHfbs4QmxxkarVal1IkVkgxVuk9JSHhJURHiyHKAuQ=="
    },
    "earcut": {
      "version": "2.2.3",
      "resolved": "https://registry.npmjs.org/earcut/-/earcut-2.2.3.tgz",
      "integrity": "sha512-iRDI1QeCQIhMCZk48DRDMVgQSSBDmbzzNhnxIo+pwx3swkfjMh6vh0nWLq1NdvGHLKH6wIrAM3vQWeTj6qeoug=="
    },
    "editions": {
      "version": "1.3.4",
      "resolved": "https://registry.npmjs.org/editions/-/editions-1.3.4.tgz",
      "integrity": "sha512-gzao+mxnYDzIysXKMQi/+M1mjy/rjestjg6OPoYTtI+3Izp23oiGZitsl9lPDPiTGXbcSIk1iJWhliSaglxnUg=="
    },
    "erc721a": {
      "version": "3.2.0",
      "resolved": "https://registry.npmjs.org/erc721a/-/erc721a-3.2.0.tgz",
      "integrity": "sha512-bK6rT45M8csSpH/8SBAhlmyIlCh0LrejflvkSw9zVPU5pNRSe0P0YWmv/g6seYwc8OCfL9ND/fKL8LsuvuePmg==",
      "dev": true,
      "requires": {
        "@openzeppelin/contracts": "^4.4.2"
      }
    },
    "flubber": {
      "version": "0.4.2",
      "resolved": "https://registry.npmjs.org/flubber/-/flubber-0.4.2.tgz",
      "integrity": "sha512-79RkJe3rA4nvRCVc2uXjj7U/BAUq84TS3KHn6c0Hr9K64vhj83ZNLUziNx4pJoBumSPhOl5VjH+Z0uhi+eE8Uw==",
      "requires": {
        "d3-array": "^1.2.0",
        "d3-polygon": "^1.0.3",
        "earcut": "^2.1.1",
        "svg-path-properties": "^0.2.1",
        "svgpath": "^2.2.1",
        "topojson-client": "^3.0.0"
      },
      "dependencies": {
        "svg-path-properties": {
          "version": "0.2.2",
          "resolved": "https://registry.npmjs.org/svg-path-properties/-/svg-path-properties-0.2.2.tgz",
          "integrity": "sha1-sHPYG+cpLq4OIzq4qD9Y3CcRMpY="
        }
      }
    },
    "gremlin": {
      "version": "2.7.0",
      "resolved": "https://registry.npmjs.org/gremlin/-/gremlin-2.7.0.tgz",
      "integrity": "sha512-6IsEi+m+3dSgCP5Pdb3aTJ+dfEgxTvTk4+ccp3PCnclHbSmffIYWt37yQVa5Wmu4Fe9PzOhdpKIUr2FNchncJA==",
      "requires": {
        "gremlin-template-string": "^2.0.0",
        "highland": "^2.5.1",
        "lodash": "^3.10.1",
        "node-uuid": "^1.4.3",
        "readable-stream": "^2.0.2",
        "ws": "^2.3.1",
        "zer": "^0.1.0"
      },
      "dependencies": {
        "lodash": {
          "version": "3.10.1",
          "resolved": "https://registry.npmjs.org/lodash/-/lodash-3.10.1.tgz",
          "integrity": "sha1-W/Rejkm6QYnhfUgnid/RW9FAt7Y="
        }
      }
    },
    "gremlin-template-string": {
      "version": "2.0.0",
      "resolved": "https://registry.npmjs.org/gremlin-template-string/-/gremlin-template-string-2.0.0.tgz",
      "integrity": "sha1-s5Y5zS7OUE8pcxrAl9JC8ACOgYg="
    },
    "highland": {
      "version": "2.13.5",
      "resolved": "https://registry.npmjs.org/highland/-/highland-2.13.5.tgz",
      "integrity": "sha512-dn2flPapIIAa4BtkB2ahjshg8iSJtrJtdhEb9/oiOrS5HMQTR/GuhFpqJ+11YBdtnl3AwWKvbZd1Uxr8uAmA7A==",
      "requires": {
        "util-deprecate": "^1.0.2"
      }
    },
    "html-to-image": {
      "version": "0.1.3",
      "resolved": "https://registry.npmjs.org/html-to-image/-/html-to-image-0.1.3.tgz",
      "integrity": "sha512-8JTGEAAdJGL/nlp3wb/WI8fLMx2dHKOFZMdsvdon23D45ZdtsXDeRm39Wddf04ludQe3OPmvjMJ9nPjI/7hPlg=="
    },
    "inherits": {
      "version": "2.0.4",
      "resolved": "https://registry.npmjs.org/inherits/-/inherits-2.0.4.tgz",
      "integrity": "sha512-k/vGaX4/Yla3WzyMCvTQOXYeIHvqOKtnqBduzTHpzpQZzAskKMhZ2K+EnBiSM9zGSoIFeMpXKxa4dYeZIQqewQ=="
    },
    "isarray": {
      "version": "1.0.0",
      "resolved": "https://registry.npmjs.org/isarray/-/isarray-1.0.0.tgz",
      "integrity": "sha1-u5NdSFgsuhaMBoNJV6VKPgcSTxE="
    },
    "lodash": {
      "version": "4.17.21",
      "resolved": "https://registry.npmjs.org/lodash/-/lodash-4.17.21.tgz",
      "integrity": "sha512-v2kDEe57lecTulaDIuNTPy3Ry4gLGJ6Z1O3vE1krgXZNrsQ+LFTGHVxVjcXPs17LhbZVGedAJv8XZ1tvj5FvSg=="
    },
    "node-uuid": {
      "version": "1.4.8",
      "resolved": "https://registry.npmjs.org/node-uuid/-/node-uuid-1.4.8.tgz",
      "integrity": "sha1-sEDrCSOWivq/jTL7HxfxFn/auQc="
    },
    "operetta": {
      "version": "0.0.5",
      "resolved": "https://registry.npmjs.org/operetta/-/operetta-0.0.5.tgz",
      "integrity": "sha1-FIKMl+65E+KqhdHR05qJJpWOVVY="
    },
    "performance-now": {
      "version": "2.1.0",
      "resolved": "https://registry.npmjs.org/performance-now/-/performance-now-2.1.0.tgz",
      "integrity": "sha1-Ywn04OX6kT7BxpMHrjZLSzd8nns="
    },
    "postinstall-build": {
      "version": "5.0.3",
      "resolved": "https://registry.npmjs.org/postinstall-build/-/postinstall-build-5.0.3.tgz",
      "integrity": "sha512-vPvPe8TKgp4FLgY3+DfxCE5PIfoXBK2lyLfNCxsRbDsV6vS4oU5RG/IWxrblMn6heagbnMED3MemUQllQ2bQUg=="
    },
    "process-nextick-args": {
      "version": "2.0.1",
      "resolved": "https://registry.npmjs.org/process-nextick-args/-/process-nextick-args-2.0.1.tgz",
      "integrity": "sha512-3ouUOpQhtgrbOa17J7+uxOTpITYWaGP7/AhoR3+A+/1e9skrzelGi/dXzEYyvbxubEF6Wn2ypscTKiKJFFn1ag=="
    },
    "progress": {
      "version": "2.0.0",
      "resolved": "https://registry.npmjs.org/progress/-/progress-2.0.0.tgz",
      "integrity": "sha1-ihvjZr+Pwj2yvSPxDG/pILQ4nR8="
    },
    "progressbar": {
      "version": "1.3.0",
      "resolved": "https://registry.npmjs.org/progressbar/-/progressbar-1.3.0.tgz",
      "integrity": "sha512-lOncE1DwVI/ioINInGrR0hsFG8I82H9RzMY1bghVAhoU3f+S/JurtfFLpNoEZTnjQ5FS9ZpHSoeZlxig8uyJtw==",
      "requires": {
        "editions": "^1.3.3",
        "progress": "2.0.0"
      }
    },
    "raf": {
      "version": "3.4.1",
      "resolved": "https://registry.npmjs.org/raf/-/raf-3.4.1.tgz",
      "integrity": "sha512-Sq4CW4QhwOHE8ucn6J34MqtZCeWFP2aQSmrlroYgqAV1PjStIhJXxYuTgUIfkEk7zTLjmIjLmU5q+fbD1NnOJA==",
      "requires": {
        "performance-now": "^2.1.0"
      }
    },
    "rc-queue-anim": {
      "version": "2.0.0",
      "resolved": "https://registry.npmjs.org/rc-queue-anim/-/rc-queue-anim-2.0.0.tgz",
      "integrity": "sha512-tojpP72NbaWkwzmR/7x4gFpTBCYR/8I3Jb+KwSdOWpRIDrlmsA4ARAqSElG92GJ7CXAIjxavIGulcqJhXfzHYQ==",
      "requires": {
        "@babel/runtime": "^7.11.1",
        "tween-one": "^1.0.52"
      }
    },
    "readable-stream": {
      "version": "2.3.7",
      "resolved": "https://registry.npmjs.org/readable-stream/-/readable-stream-2.3.7.tgz",
      "integrity": "sha512-Ebho8K4jIbHAxnuxi7o42OrZgF/ZTNcsZj6nRKyUmkhLFq8CHItp/fy6hQZuZmP/n3yZ9VBUbp4zz/mX8hmYPw==",
      "requires": {
        "core-util-is": "~1.0.0",
        "inherits": "~2.0.3",
        "isarray": "~1.0.0",
        "process-nextick-args": "~2.0.0",
        "safe-buffer": "~5.1.1",
        "string_decoder": "~1.1.1",
        "util-deprecate": "~1.0.1"
      }
    },
    "regenerator-runtime": {
      "version": "0.13.9",
      "resolved": "https://registry.npmjs.org/regenerator-runtime/-/regenerator-runtime-0.13.9.tgz",
      "integrity": "sha512-p3VT+cOEgxFsRRA9X4lkI1E+k2/CtnKtU4gcxyaCUreilL/vqI6CdZ3wxVUx3UOUg+gnUOQQcRI7BmSI656MYA=="
    },
    "safe-buffer": {
      "version": "5.1.2",
      "resolved": "https://registry.npmjs.org/safe-buffer/-/safe-buffer-5.1.2.tgz",
      "integrity": "sha512-Gd2UZBJDkXlY7GbJxfsE8/nvKkUEU1G38c1siN6QP6a9PT9MmHB8GnpscSmMJSoF8LOIrt8ud/wPtojys4G6+g=="
    },
    "sax": {
      "version": "0.4.2",
      "resolved": "https://registry.npmjs.org/sax/-/sax-0.4.2.tgz",
      "integrity": "sha1-OfO2AXM9a+yXEFskKipA/Wl4rDw="
    },
    "string_decoder": {
      "version": "1.1.1",
      "resolved": "https://registry.npmjs.org/string_decoder/-/string_decoder-1.1.1.tgz",
      "integrity": "sha512-n/ShnvDi6FHbbVfviro+WojiFzv+s8MPMHBczVePfUpDJLwoLT0ht1l4YwBCbi8pJAveEEdnkHyPyTP/mzRfwg==",
      "requires": {
        "safe-buffer": "~5.1.0"
      }
    },
    "style-utils": {
      "version": "0.3.7",
      "resolved": "https://registry.npmjs.org/style-utils/-/style-utils-0.3.7.tgz",
      "integrity": "sha512-IG62AED+qp6WnkSsuIIAHZ2utedukFHVi2E5PjPRXjX9eCMZMzogv6oad0yArPHq9VE0Utl8V7kC/qitQZxkPQ=="
    },
    "svg-path-properties": {
      "version": "1.0.11",
      "resolved": "https://registry.npmjs.org/svg-path-properties/-/svg-path-properties-1.0.11.tgz",
      "integrity": "sha512-Wo6SjzONZPL9UAgrnwcCkDGRYP9CbHJGkNcPFIgEVRjiOiJxSd/AtwnGk/4N4iOLGUoas57TMxY0xASDeb9YJg=="
    },
    "svgpath": {
      "version": "2.5.0",
      "resolved": "https://registry.npmjs.org/svgpath/-/svgpath-2.5.0.tgz",
      "integrity": "sha512-o/vohwqjUO9nDAh4rcjE3KaW/v//At8UJu2LJMybXidf5QLQLVA4bxH0//4YCsr+1H4Gw1Wi/Jc62ynzSBYidw=="
    },
    "topojson-client": {
      "version": "3.1.0",
      "resolved": "https://registry.npmjs.org/topojson-client/-/topojson-client-3.1.0.tgz",
      "integrity": "sha512-605uxS6bcYxGXw9qi62XyrV6Q3xwbndjachmNxu8HWTtVPxZfEJN9fd/SZS1Q54Sn2y0TMyMxFj/cJINqGHrKw==",
      "requires": {
        "commander": "2"
      }
    },
    "tween-functions": {
      "version": "1.2.0",
      "resolved": "https://registry.npmjs.org/tween-functions/-/tween-functions-1.2.0.tgz",
      "integrity": "sha1-GuOlDnxguz3vd06scHrLynO7w/8="
    },
    "tween-one": {
      "version": "1.0.63",
      "resolved": "https://registry.npmjs.org/tween-one/-/tween-one-1.0.63.tgz",
      "integrity": "sha512-29F7ym9gVvlsXB6kJsn8bL5ZWn2K4mzpVy3APXLrWfYzRw7bA7gav1QHz2Z4UJ0B7bib9P6o9I2uk8vbvDmTNg==",
      "requires": {
        "@babel/runtime": "^7.11.1",
        "flubber": "^0.4.2",
        "raf": "^3.4.1",
        "style-utils": "^0.3.6",
        "svg-path-properties": "^1.0.4",
        "tween-functions": "^1.2.0"
      }
    },
    "ultron": {
      "version": "1.1.1",
      "resolved": "https://registry.npmjs.org/ultron/-/ultron-1.1.1.tgz",
      "integrity": "sha512-UIEXBNeYmKptWH6z8ZnqTeS8fV74zG0/eRU9VGkpzz+LIJNs8W/zM/L+7ctCkRrgbNnnR0xxw4bKOr0cW0N0Og=="
    },
    "use-screenshot-hook": {
      "version": "1.0.2",
      "resolved": "https://registry.npmjs.org/use-screenshot-hook/-/use-screenshot-hook-1.0.2.tgz",
      "integrity": "sha512-H4/OCjh+lF3t3++lHChfldQ+muTVGvUUJMdfIQab//oSbi2mzIZa+mO1I5IOAgSYnzwib3JBWO597PBZAlckSg==",
      "requires": {
        "html-to-image": "^0.1.1"
      }
    },
    "util-deprecate": {
      "version": "1.0.2",
      "resolved": "https://registry.npmjs.org/util-deprecate/-/util-deprecate-1.0.2.tgz",
      "integrity": "sha1-RQ1Nyfpw3nMnYvvS1KKJgUGaDM8="
    },
    "uuid": {
      "version": "3.4.0",
      "resolved": "https://registry.npmjs.org/uuid/-/uuid-3.4.0.tgz",
      "integrity": "sha512-HjSDRw6gZE5JMggctHBcjVak08+KEVhSIiDzFnT9S9aegmp85S/bReBVTb4QTFaRNptJ9kuYaNhnbNEOkbKb/A=="
    },
    "ws": {
      "version": "2.3.1",
      "resolved": "https://registry.npmjs.org/ws/-/ws-2.3.1.tgz",
      "integrity": "sha1-a5Sz5EfLajY/eF6vlK9jWejoHIA=",
      "requires": {
        "safe-buffer": "~5.0.1",
        "ultron": "~1.1.0"
      },
      "dependencies": {
        "safe-buffer": {
          "version": "5.0.1",
          "resolved": "https://registry.npmjs.org/safe-buffer/-/safe-buffer-5.0.1.tgz",
          "integrity": "sha1-0mPKVGls2KMGtcplUekt5XkY++c="
        }
      }
    },
    "xml2js": {
      "version": "0.2.6",
      "resolved": "https://registry.npmjs.org/xml2js/-/xml2js-0.2.6.tgz",
      "integrity": "sha1-0gnE5N2h/JxFIUHvQcB39a399sQ=",
      "requires": {
        "sax": "0.4.2"
      }
    },
    "xmlbuilder": {
      "version": "0.4.2",
      "resolved": "https://registry.npmjs.org/xmlbuilder/-/xmlbuilder-0.4.2.tgz",
      "integrity": "sha1-F3bWXz/brUcKCNhgTN6xxOVA/4M="
    },
    "zer": {
      "version": "0.1.0",
      "resolved": "https://registry.npmjs.org/zer/-/zer-0.1.0.tgz",
      "integrity": "sha1-JkAyM5rkggi9+aKKa34APbYAdUI=",
      "requires": {
        "postinstall-build": "^5.0.0"
      }
    }
  }
}
